github.com/couchbase/blance v0.0.0-20170402154611-5cd1345cca3e h1:HcZ94SunDRSgDIRgujlC/O8JCu+SC7IK6D+WLdYOXaI=
github.com/couchbase/blance v0.0.0-20170402154611-5cd1345cca3e/go.mod h1:ELsp57vDmExnh14H7S9dvm5+NJpSfNhNeac9hhOLGZk=
github.com/couchbase/cbauth v0.0.0-20200508215310-0d352b097b19 h1:VK5KSzc93gSlzvp82ysoQ4khKp8bQOVvudth4FdvIQs=
github.com/couchbase/cbauth v0.0.0-20200508215310-0d352b097b19/go.mod h1:j0qCQux2//KfCPemLUAcIKiMsQqWV9rdHQf055nb7Zc=
github.com/couchbase/clog v0.0.0-20190523192451-b8e6d5d421bc h1:raV5sJWF+axK2Nv6Zrn/pOlYfbHHlLQ2LsRowsmGABE=
github.com/couchbase/clog v0.0.0-20190523192451-b8e6d5d421bc/go.mod h1:7tzUpEOsE+fgU81yfcjy5N1H6XtbVC8SgOz/3mCjmd4=
github.com/couchbase/go-couchbase v0.0.0-20200618135536-fe11fe60aa9d h1:NS8t/9FNSChd5QkQTMUGCSSjzOA4GZHUSwml5qvEiXQ=
github.com/couchbase/go-couchbase v0.0.0-20200618135536-fe11fe60aa9d/go.mod h1:TWI8EKQMs5u5jLKW/tsb9VwauIrMIxQG1r5fMsswK5U=
github.com/couchbase/gocbcore/v9 v9.0.6 h1:aqLGIpoCfP0iFKO+ql2v4rfP9a5attKbLHN39mNuplA=
github.com/couchbase/gocbcore/v9 v9.0.6/go.mod h1:jOSQeBSECyNvD7aS4lfuaw+pD5t6ciTOf8hrDP/4Nus=
github.com/couchbase/gomemcached v0.0.0-20200618124739-5bac349aff71 h1:US05Q5sol/DaQcqf59TKOFGhZBNPuF0qZlr2LpD2cSE=
github.com/couchbase/gomemcached v0.0.0-20200618124739-5bac349aff71/go.mod h1:srVSlQLB8iXBVXHgnqemxUXqN6FCvClgCMPCsjBDR7c=
github.com/couchbase/goutils v0.0.0-20191018232750-b49639060d85 h1:0WMIDtuXCKEm4wtAJgAAXa/qtM5O9MariLwgHaRlYmk=
github.com/couchbase/goutils v0.0.0-20191018232750-b49639060d85/go.mod h1:BQwMFlJzDjFDG3DJUdU0KORxn88UlsOULuxLExMh3Hs=
github.com/davecgh/go-spew v1.1.0 h1:ZDRjVQ15GmhC3fiQ8ni8+OwkZQO4DARzQgrnXU1Liz8=
github.com/davecgh/go-spew v1.1.0/go.mod h1:J7Y8YcW2NihsgmVo/mv3lAwl/skON4iLHjSsI+c5H38=
github.com/elazarl/go-bindata-assetfs v1.0.0 h1:G/bYguwHIzWq9ZoyUQqrjTmJbbYn3j3CKKpKinvZLFk=
github.com/elazarl/go-bindata-assetfs v1.0.0/go.mod h1:v+YaWX3bdea5J/mo8dSETolEo7R71Vk1u8bnjau5yw4=
github.com/golang/snappy v0.0.1 h1:Qgr9rKW7uDUkrbSmQeiDsGa8SjGyCOGtuasMWwvp2P4=
github.com/golang/snappy v0.0.1/go.mod h1:/XxbfmMg8lxefKM7IXC3fBNl/7bRcc72aCRzEWrmP2Q=
github.com/google/uuid v1.1.1 h1:Gkbcsh/GbpXz7lPftLA3P6TYMwjCLYm83jiFQZF/3gY=
github.com/google/uuid v1.1.1/go.mod h1:TIyPZe4MgqvfeYDBFedMoGGpEw/LqOeaOT+nhxU+yHo=
github.com/gorilla/context v0.0.0-20141217160251-215affda49ad h1:wJwKN6X6iRRVnjdBgrkWjhBOvYm7yw5boqXwFUnBtbE=
github.com/gorilla/context v0.0.0-20141217160251-215affda49ad/go.mod h1:kBGZzfjB9CEq2AlWe17Uuf7NDRt0dE0s8S51q0aT7Yg=
github.com/gorilla/mux v1.4.1-0.20170524010104-043ee6597c29 h1:NtqwqlshtdtTkC3nFy5SdTCI+cSrwlcrS/gJsUt/at0=
github.com/gorilla/mux v1.4.1-0.20170524010104-043ee6597c29/go.mod h1:1lud6UwP+6orDFRuTfBEV8e9/aOM/c4fVVCaMa2zaAs=
github.com/pkg/errors v0.8.1-0.20180127015812-30136e27e2ac h1:rgnLNKoftJ8uXF4TZoSr7Ik9jeW2E5fztPrAvJoyuAA=
github.com/pkg/errors v0.8.1-0.20180127015812-30136e27e2ac/go.mod h1:bwawxfHBFNV+L2hUp1rHADufV3IMtnDRdf1r5NINEl0=
github.com/pmezard/go-difflib v1.0.0 h1:4DBwDE0NGyQoBHbLQYPwSUPoCMWR5BEzIk/f1lZbAQM=
github.com/pmezard/go-difflib v1.0.0/go.mod h1:iKH77koFhYxTK1pcRnkKkqfTogsbg7gZNVY4sRDYZ/4=
github.com/rcrowley/go-metrics v0.0.0-20141108142129-dee209f2455f h1:dfcuI1ZZzn8OXb0mYeJFo/0FzL/9eXT/sEzogrOzGc8=
github.com/rcrowley/go-metrics v0.0.0-20141108142129-dee209f2455f/go.mod h1:bCqnVzQkZxMG4s8nGwiZ5l3QUCyqpo9Y+/ZMZ9VjZe4=
github.com/stretchr/objx v0.1.0 h1:4G4v2dO3VZwixGIRoQ5Lfboy6nUhCyYzaqnIAPPhYs4=
github.com/stretchr/objx v0.1.0/go.mod h1:HFkY916IF+rwdDfMAkV7OtwuqBVzrE8GR6GFx+wExME=
github.com/stretchr/testify v1.5.1 h1:nOGnQDM7FYENwehXlg/kFVnos3rEvtKTjRvOWSzb6H4=
github.com/stretchr/testify v1.5.1/go.mod h1:5W2xD1RspED5o8YsWQXVCued0rvSQ+mT+I5cxcmMvtA=
golang.org/x/crypto v0.0.0-20171031160130-bd6f299fb381 h1:i/LXJFjBEZa5oYmkgkWzP45lq+jdben6RIEECgxPZZQ=
golang.org/x/crypto v0.0.0-20171031160130-bd6f299fb381/go.mod h1:6SG95UA2DQfeDnfUPMdvaQW0Q7yPrPDi9nlGo2tz2b4=
golang.org/x/net v0.0.0-20180120141536-44b7c21cbf19 h1:igP4+IMMAMLbX8yJLBMAry9dtsBlgPU6OXNp3IRhTt4=
golang.org/x/net v0.0.0-20180120141536-44b7c21cbf19/go.mod h1:mL1N/T3taQHkDXs73rZJwtUhF3w3ftmwwsq0BUmARs4=
gopkg.in/check.v1 v0.0.0-20161208181325-20d25e280405 h1:yhCVgyC4o1eVCa2tZl7eS0r+SDo693bJlVdllGtEeKM=
gopkg.in/check.v1 v0.0.0-20161208181325-20d25e280405/go.mod h1:Co6ibVJAznAaIkqp8huTwlJQCZ016jof/cbN4VW5Yz0=
gopkg.in/yaml.v2 v2.2.2 h1:ZCJp+EgiOT7lHqUV2J862kp8Qj64Jo6az82+3Td9dZw=
gopkg.in/yaml.v2 v2.2.2/go.mod h1:hI93XBmqTisBFMUTm0b8Fm+jr3Dg1NNxqwp+5A1VGuI=
