github.com/couchbase/blance v0.0.0-20170402154611-5cd1345cca3e h1:HcZ94SunDRSgDIRgujlC/O8JCu+SC7IK6D+WLdYOXaI=
github.com/couchbase/blance v0.0.0-20170402154611-5cd1345cca3e/go.mod h1:ELsp57vDmExnh14H7S9dvm5+NJpSfNhNeac9hhOLGZk=
github.com/couchbase/cbauth v0.0.0-20190926094514-82614adbe4d4 h1:biFlDIwU1uPLE/QuMP3d/AtI1lilh8xwI31otvYzhls=
github.com/couchbase/cbauth v0.0.0-20190926094514-82614adbe4d4/go.mod h1:j0qCQux2//KfCPemLUAcIKiMsQqWV9rdHQf055nb7Zc=
github.com/couchbase/clog v0.0.0-20190523192451-b8e6d5d421bc h1:raV5sJWF+axK2Nv6Zrn/pOlYfbHHlLQ2LsRowsmGABE=
github.com/couchbase/clog v0.0.0-20190523192451-b8e6d5d421bc/go.mod h1:7tzUpEOsE+fgU81yfcjy5N1H6XtbVC8SgOz/3mCjmd4=
github.com/couchbase/go-couchbase v0.0.0-20200406141124-ccd08288787d h1:69RfpsaFPBTowJMPKitkxI+m88p7PfNvMgwg1v2DvwE=
github.com/couchbase/go-couchbase v0.0.0-20200406141124-ccd08288787d/go.mod h1:TWI8EKQMs5u5jLKW/tsb9VwauIrMIxQG1r5fMsswK5U=
github.com/couchbase/gocbcore v7.1.17+incompatible h1:TSIu4MqQq12/PD7X69QIpr27LwS59S3uR0QzsjvLePM=
github.com/couchbase/gocbcore/v9 v9.0.0 h1:e4KEdGOvm31M8x3B8ww2qVPqppude3R5n5tAb2zf2MA=
github.com/couchbase/gocbcore/v9 v9.0.0/go.mod h1:p3BZ7E01GfP73ebLCrOuBcRxy57hMnhp0c2+7Z+6vLs=
github.com/couchbase/gocbcore/v9 v9.0.1-0.20200422120353-fbc14bdecee4 h1:C1SEf329WamC8uPdJiyqhCOdjUxgNZVpBDQVLEgQYsE=
github.com/couchbase/gocbcore/v9 v9.0.1-0.20200422120353-fbc14bdecee4/go.mod h1:p3BZ7E01GfP73ebLCrOuBcRxy57hMnhp0c2+7Z+6vLs=
github.com/couchbase/gomemcached v0.0.0-20200407171316-70e4e9d75df1 h1:yfUyNIDoWGjVi/mUHkyt9GNtei0gIsh75qQeuKsJDUw=
github.com/couchbase/gomemcached v0.0.0-20200407171316-70e4e9d75df1/go.mod h1:srVSlQLB8iXBVXHgnqemxUXqN6FCvClgCMPCsjBDR7c=
github.com/couchbase/goutils v0.0.0-20191018232750-b49639060d85 h1:0WMIDtuXCKEm4wtAJgAAXa/qtM5O9MariLwgHaRlYmk=
github.com/couchbase/goutils v0.0.0-20191018232750-b49639060d85/go.mod h1:BQwMFlJzDjFDG3DJUdU0KORxn88UlsOULuxLExMh3Hs=
github.com/elazarl/go-bindata-assetfs v1.0.0 h1:G/bYguwHIzWq9ZoyUQqrjTmJbbYn3j3CKKpKinvZLFk=
github.com/elazarl/go-bindata-assetfs v1.0.0/go.mod h1:v+YaWX3bdea5J/mo8dSETolEo7R71Vk1u8bnjau5yw4=
github.com/golang/snappy v0.0.1 h1:Qgr9rKW7uDUkrbSmQeiDsGa8SjGyCOGtuasMWwvp2P4=
github.com/golang/snappy v0.0.1/go.mod h1:/XxbfmMg8lxefKM7IXC3fBNl/7bRcc72aCRzEWrmP2Q=
github.com/google/uuid v1.1.1 h1:Gkbcsh/GbpXz7lPftLA3P6TYMwjCLYm83jiFQZF/3gY=
github.com/google/uuid v1.1.1/go.mod h1:TIyPZe4MgqvfeYDBFedMoGGpEw/LqOeaOT+nhxU+yHo=
github.com/gorilla/mux v1.7.4 h1:VuZ8uybHlWmqV03+zRzdwKL4tUnIp1MAQtp1mIFE1bc=
github.com/gorilla/mux v1.7.4/go.mod h1:DVbg23sWSpFRCP0SfiEN6jmj59UnW/n46BH5rLB71So=
github.com/pkg/errors v0.9.1 h1:FEBLx1zS214owpjy7qsBeixbURkuhQAwrK5UwLGTwt4=
github.com/pkg/errors v0.9.1/go.mod h1:bwawxfHBFNV+L2hUp1rHADufV3IMtnDRdf1r5NINEl0=
github.com/rcrowley/go-metrics v0.0.0-20200313005456-10cdbea86bc0 h1:MkV+77GLUNo5oJ0jf870itWm3D0Sjh7+Za9gazKc5LQ=
github.com/rcrowley/go-metrics v0.0.0-20200313005456-10cdbea86bc0/go.mod h1:bCqnVzQkZxMG4s8nGwiZ5l3QUCyqpo9Y+/ZMZ9VjZe4=
golang.org/x/crypto v0.0.0-20190308221718-c2843e01d9a2/go.mod h1:djNgcEr1/C05ACkg1iLfiJU5Ep61QUkGW8qpdssI0+w=
golang.org/x/crypto v0.0.0-20200420201142-3c4aac89819a h1:y6sBfNd1b9Wy08a6K1Z1DZc4aXABUN5TKjkYhz7UKmo=
golang.org/x/crypto v0.0.0-20200420201142-3c4aac89819a/go.mod h1:LzIPMQfyMNhhGPhUkYOs5KpL4U8rLKemX1yGLhDgUto=
golang.org/x/net v0.0.0-20190404232315-eb5bcb51f2a3 h1:0GoQqolDA55aaLxZyTzK/Y2ePZzZTUrRacwib7cNsYQ=
golang.org/x/net v0.0.0-20190404232315-eb5bcb51f2a3/go.mod h1:t9HGtf8HONx5eT2rtn7q6eTqICYqUVnKs3thJo3Qplg=
golang.org/x/sys v0.0.0-20190215142949-d0b11bdaac8a/go.mod h1:STP8DvDyc/dI5b8T5hshtkjS+E42TnysNCUPdjciGhY=
golang.org/x/sys v0.0.0-20190412213103-97732733099d/go.mod h1:h1NjWce9XRLGQEsW7wpKNCjG9DtNlClVuFLEZdDNbEs=
golang.org/x/text v0.3.0/go.mod h1:NqM8EUOU14njkJ3fqMW+pc6Ldnwhi/IjpwHt7yyuwOQ=
